{
  "name": "golden-egg",
  "version": "1.0.0",
  "lockfileVersion": 2,
  "requires": true,
  "packages": {
    "": {
      "name": "golden-egg",
      "version": "1.0.0",
      "license": "ISC",
      "devDependencies": {
        "@types/navermaps": "^3.0.13"
      }
    },
    "node_modules/@types/navermaps": {
      "version": "3.0.13",
      "resolved": "https://registry.npmjs.org/@types/navermaps/-/navermaps-3.0.13.tgz",
      "integrity": "sha512-kA9Ss2FWm91IojmV8M6M3wtMcRjvVf4z0iAmoZD1xUqn3iJNoq2THvbOiQdbcO6Iu06a/bmXrXH7nKIlShmOZg==",
      "dev": true
    }
  },
  "dependencies": {
    "@types/navermaps": {
      "version": "3.0.13",
      "resolved": "https://registry.npmjs.org/@types/navermaps/-/navermaps-3.0.13.tgz",
      "integrity": "sha512-kA9Ss2FWm91IojmV8M6M3wtMcRjvVf4z0iAmoZD1xUqn3iJNoq2THvbOiQdbcO6Iu06a/bmXrXH7nKIlShmOZg==",
      "dev": true
    }
  }
}
